
Microsoft Visual Studio Solution File, Format Version 12.00
# Visual Studio Version 16
VisualStudioVersion = 16.0.32428.217
MinimumVisualStudioVersion = 10.0.40219.1
Project("{FAE04EC0-301F-11D3-BF4B-00C04F79EFBC}") = "AsyncTest", "AsyncTest\AsyncTest.csproj", "{2B733F13-39D8-4B7D-90A1-40FA9E14F3D5}"
EndProject
Global
	GlobalSection(SolutionConfigurationPlatforms) = preSolution
		Debug|Any CPU = Debug|Any CPU
		Release|Any CPU = Release|Any CPU
	EndGlobalSection
	GlobalSection(ProjectConfigurationPlatforms) = postSolution
		{2B733F13-39D8-4B7D-90A1-40FA9E14F3D5}.Debug|Any CPU.ActiveCfg = Debug|Any CPU
		{2B733F13-39D8-4B7D-90A1-40FA9E14F3D5}.Debug|Any CPU.Build.0 = Debug|Any CPU
		{2B733F13-39D8-4B7D-90A1-40FA9E14F3D5}.Release|Any CPU.ActiveCfg = Release|Any CPU
		{2B733F13-39D8-4B7D-90A1-40FA9E14F3D5}.Release|Any CPU.Build.0 = Release|Any CPU
	EndGlobalSection
	GlobalSection(SolutionProperties) = preSolution
		HideSolutionNode = FALSE
	EndGlobalSection
	GlobalSection(ExtensibilityGlobals) = postSolution
		SolutionGuid = {C29946CA-9324-444F-B603-428E28AE118C}
	EndGlobalSection
EndGlobal
